// !$*UTF8*$!
{
	archiveVersion = 1;
	classes = {
	};
	objectVersion = 55;
	objects = {

/* Begin PBXBuildFile section */
		761103EF288E67F200B184D1 /* UILabel+extension.swift in Sources */ = {isa = PBXBuildFile; fileRef = 761103EE288E67F200B184D1 /* UILabel+extension.swift */; };
		761103F1288E68D500B184D1 /* UIView+Extension.swift in Sources */ = {isa = PBXBuildFile; fileRef = 761103F0288E68D500B184D1 /* UIView+Extension.swift */; };
		761103F4288E6BE700B184D1 /* UIButton+Extension.swift in Sources */ = {isa = PBXBuildFile; fileRef = 761103F3288E6BE700B184D1 /* UIButton+Extension.swift */; };
		761103F6288E70B800B184D1 /* UITextField+Extension.swift in Sources */ = {isa = PBXBuildFile; fileRef = 761103F5288E70B800B184D1 /* UITextField+Extension.swift */; };
		76639F96288D55D6007B2E1F /* Main.storyboard in Resources */ = {isa = PBXBuildFile; fileRef = 76639F95288D55D6007B2E1F /* Main.storyboard */; };
		76639F98288D58CB007B2E1F /* growingTamagotchiViewController.swift in Sources */ = {isa = PBXBuildFile; fileRef = 76639F97288D58CB007B2E1F /* growingTamagotchiViewController.swift */; };
		76639F9A288D5A22007B2E1F /* SettingTableViewController.swift in Sources */ = {isa = PBXBuildFile; fileRef = 76639F99288D5A22007B2E1F /* SettingTableViewController.swift */; };
		76639F9C288D684C007B2E1F /* Quates.swift in Sources */ = {isa = PBXBuildFile; fileRef = 76639F9B288D684C007B2E1F /* Quates.swift */; };
		76639FA1288D724F007B2E1F /* IQKeyboardManagerSwift in Frameworks */ = {isa = PBXBuildFile; productRef = 76639FA0288D724F007B2E1F /* IQKeyboardManagerSwift */; };
		76639FA4288D72A4007B2E1F /* Toast in Frameworks */ = {isa = PBXBuildFile; productRef = 76639FA3288D72A4007B2E1F /* Toast */; };
		76639FA6288D7E62007B2E1F /* SettingTableViewCell.swift in Sources */ = {isa = PBXBuildFile; fileRef = 76639FA5288D7E62007B2E1F /* SettingTableViewCell.swift */; };
		76639FA8288D83F0007B2E1F /* calculatorLevel.swift in Sources */ = {isa = PBXBuildFile; fileRef = 76639FA7288D83F0007B2E1F /* calculatorLevel.swift */; };
		76639FAA288D8C05007B2E1F /* NameSettingViewController.swift in Sources */ = {isa = PBXBuildFile; fileRef = 76639FA9288D8C05007B2E1F /* NameSettingViewController.swift */; };
		76A169AA288A79A7008CC5C1 /* AppDelegate.swift in Sources */ = {isa = PBXBuildFile; fileRef = 76A169A9288A79A7008CC5C1 /* AppDelegate.swift */; };
		76A169AC288A79A7008CC5C1 /* SceneDelegate.swift in Sources */ = {isa = PBXBuildFile; fileRef = 76A169AB288A79A7008CC5C1 /* SceneDelegate.swift */; };
		76A169B3288A79A8008CC5C1 /* Assets.xcassets in Resources */ = {isa = PBXBuildFile; fileRef = 76A169B2288A79A8008CC5C1 /* Assets.xcassets */; };
		76A169B6288A79A8008CC5C1 /* LaunchScreen.storyboard in Resources */ = {isa = PBXBuildFile; fileRef = 76A169B4288A79A8008CC5C1 /* LaunchScreen.storyboard */; };
		76A169BE288A8CBA008CC5C1 /* DefaultDesign.swift in Sources */ = {isa = PBXBuildFile; fileRef = 76A169BD288A8CBA008CC5C1 /* DefaultDesign.swift */; };
		76A169C3288A8E64008CC5C1 /* SelectTamagotchi.storyboard in Resources */ = {isa = PBXBuildFile; fileRef = 76A169C2288A8E64008CC5C1 /* SelectTamagotchi.storyboard */; };
		76A169C5288A8E7B008CC5C1 /* SelectTamagotchiCollectionViewController.swift in Sources */ = {isa = PBXBuildFile; fileRef = 76A169C4288A8E7B008CC5C1 /* SelectTamagotchiCollectionViewController.swift */; };
		76A169C8288A8F05008CC5C1 /* SelectTamagotchiCollectionViewCell.swift in Sources */ = {isa = PBXBuildFile; fileRef = 76A169C7288A8F05008CC5C1 /* SelectTamagotchiCollectionViewCell.swift */; };
		76A169CB288AA652008CC5C1 /* AlertViewController.swift in Sources */ = {isa = PBXBuildFile; fileRef = 76A169CA288AA652008CC5C1 /* AlertViewController.swift */; };
		76A169CD288AB0DD008CC5C1 /* Tamagotchi.swift in Sources */ = {isa = PBXBuildFile; fileRef = 76A169CC288AB0DD008CC5C1 /* Tamagotchi.swift */; };
/* End PBXBuildFile section */

/* Begin PBXFileReference section */
		761103EE288E67F200B184D1 /* UILabel+extension.swift */ = {isa = PBXFileReference; lastKnownFileType = sourcecode.swift; path = "UILabel+extension.swift"; sourceTree = "<group>"; };
		761103F0288E68D500B184D1 /* UIView+Extension.swift */ = {isa = PBXFileReference; lastKnownFileType = sourcecode.swift; path = "UIView+Extension.swift"; sourceTree = "<group>"; };
		761103F3288E6BE700B184D1 /* UIButton+Extension.swift */ = {isa = PBXFileReference; lastKnownFileType = sourcecode.swift; path = "UIButton+Extension.swift"; sourceTree = "<group>"; };
		761103F5288E70B800B184D1 /* UITextField+Extension.swift */ = {isa = PBXFileReference; lastKnownFileType = sourcecode.swift; path = "UITextField+Extension.swift"; sourceTree = "<group>"; };
		76639F95288D55D6007B2E1F /* Main.storyboard */ = {isa = PBXFileReference; lastKnownFileType = file.storyboard; path = Main.storyboard; sourceTree = "<group>"; };
		76639F97288D58CB007B2E1F /* growingTamagotchiViewController.swift */ = {isa = PBXFileReference; lastKnownFileType = sourcecode.swift; path = growingTamagotchiViewController.swift; sourceTree = "<group>"; };
		76639F99288D5A22007B2E1F /* SettingTableViewController.swift */ = {isa = PBXFileReference; lastKnownFileType = sourcecode.swift; path = SettingTableViewController.swift; sourceTree = "<group>"; };
		76639F9B288D684C007B2E1F /* Quates.swift */ = {isa = PBXFileReference; lastKnownFileType = sourcecode.swift; name = Quates.swift; path = ../before/Quates.swift; sourceTree = "<group>"; };
		76639FA5288D7E62007B2E1F /* SettingTableViewCell.swift */ = {isa = PBXFileReference; lastKnownFileType = sourcecode.swift; path = SettingTableViewCell.swift; sourceTree = "<group>"; };
		76639FA7288D83F0007B2E1F /* calculatorLevel.swift */ = {isa = PBXFileReference; lastKnownFileType = sourcecode.swift; path = calculatorLevel.swift; sourceTree = "<group>"; };
		76639FA9288D8C05007B2E1F /* NameSettingViewController.swift */ = {isa = PBXFileReference; lastKnownFileType = sourcecode.swift; path = NameSettingViewController.swift; sourceTree = "<group>"; };
		76A169A6288A79A7008CC5C1 /* Growing Tamagotchi.app */ = {isa = PBXFileReference; explicitFileType = wrapper.application; includeInIndex = 0; path = "Growing Tamagotchi.app"; sourceTree = BUILT_PRODUCTS_DIR; };
		76A169A9288A79A7008CC5C1 /* AppDelegate.swift */ = {isa = PBXFileReference; lastKnownFileType = sourcecode.swift; path = AppDelegate.swift; sourceTree = "<group>"; };
		76A169AB288A79A7008CC5C1 /* SceneDelegate.swift */ = {isa = PBXFileReference; lastKnownFileType = sourcecode.swift; path = SceneDelegate.swift; sourceTree = "<group>"; };
		76A169B2288A79A8008CC5C1 /* Assets.xcassets */ = {isa = PBXFileReference; lastKnownFileType = folder.assetcatalog; path = Assets.xcassets; sourceTree = "<group>"; };
		76A169B5288A79A8008CC5C1 /* Base */ = {isa = PBXFileReference; lastKnownFileType = file.storyboard; name = Base; path = Base.lproj/LaunchScreen.storyboard; sourceTree = "<group>"; };
		76A169B7288A79A8008CC5C1 /* Info.plist */ = {isa = PBXFileReference; lastKnownFileType = text.plist.xml; path = Info.plist; sourceTree = "<group>"; };
		76A169BD288A8CBA008CC5C1 /* DefaultDesign.swift */ = {isa = PBXFileReference; lastKnownFileType = sourcecode.swift; name = DefaultDesign.swift; path = ../before/DefaultDesign.swift; sourceTree = "<group>"; };
		76A169C2288A8E64008CC5C1 /* SelectTamagotchi.storyboard */ = {isa = PBXFileReference; lastKnownFileType = file.storyboard; path = SelectTamagotchi.storyboard; sourceTree = "<group>"; };
		76A169C4288A8E7B008CC5C1 /* SelectTamagotchiCollectionViewController.swift */ = {isa = PBXFileReference; lastKnownFileType = sourcecode.swift; path = SelectTamagotchiCollectionViewController.swift; sourceTree = "<group>"; };
		76A169C7288A8F05008CC5C1 /* SelectTamagotchiCollectionViewCell.swift */ = {isa = PBXFileReference; lastKnownFileType = sourcecode.swift; path = SelectTamagotchiCollectionViewCell.swift; sourceTree = "<group>"; };
		76A169CA288AA652008CC5C1 /* AlertViewController.swift */ = {isa = PBXFileReference; lastKnownFileType = sourcecode.swift; path = AlertViewController.swift; sourceTree = "<group>"; };
		76A169CC288AB0DD008CC5C1 /* Tamagotchi.swift */ = {isa = PBXFileReference; lastKnownFileType = sourcecode.swift; name = Tamagotchi.swift; path = ../before/Tamagotchi.swift; sourceTree = "<group>"; };
/* End PBXFileReference section */

/* Begin PBXFrameworksBuildPhase section */
		76A169A3288A79A7008CC5C1 /* Frameworks */ = {
			isa = PBXFrameworksBuildPhase;
			buildActionMask = 2147483647;
			files = (
				76639FA4288D72A4007B2E1F /* Toast in Frameworks */,
				76639FA1288D724F007B2E1F /* IQKeyboardManagerSwift in Frameworks */,
			);
			runOnlyForDeploymentPostprocessing = 0;
		};
/* End PBXFrameworksBuildPhase section */

/* Begin PBXGroup section */
		761103F2288E6BC600B184D1 /* Extension */ = {
			isa = PBXGroup;
			children = (
				761103EE288E67F200B184D1 /* UILabel+extension.swift */,
				761103F0288E68D500B184D1 /* UIView+Extension.swift */,
				761103F3288E6BE700B184D1 /* UIButton+Extension.swift */,
				761103F5288E70B800B184D1 /* UITextField+Extension.swift */,
			);
			name = Extension;
			path = before/Extension;
			sourceTree = "<group>";
		};
		761DFBA9288E8806002A4C7C /* Structs */ = {
			isa = PBXGroup;
			children = (
				76A169CC288AB0DD008CC5C1 /* Tamagotchi.swift */,
				76639F9B288D684C007B2E1F /* Quates.swift */,
				76A169BD288A8CBA008CC5C1 /* DefaultDesign.swift */,
			);
			path = Structs;
			sourceTree = "<group>";
		};
		76A1699D288A79A7008CC5C1 = {
			isa = PBXGroup;
			children = (
				76A169A8288A79A7008CC5C1 /* Growing Tamagotchi */,
				76A169A7288A79A7008CC5C1 /* Products */,
			);
			sourceTree = "<group>";
		};
		76A169A7288A79A7008CC5C1 /* Products */ = {
			isa = PBXGroup;
			children = (
				76A169A6288A79A7008CC5C1 /* Growing Tamagotchi.app */,
			);
			name = Products;
			sourceTree = "<group>";
		};
		76A169A8288A79A7008CC5C1 /* Growing Tamagotchi */ = {
			isa = PBXGroup;
			children = (
				76A169B7288A79A8008CC5C1 /* Info.plist */,
				76A169A9288A79A7008CC5C1 /* AppDelegate.swift */,
				76A169AB288A79A7008CC5C1 /* SceneDelegate.swift */,
				76A169B2288A79A8008CC5C1 /* Assets.xcassets */,
				76A169C6288A8EED008CC5C1 /* SelectTamagotchi */,
				761103F2288E6BC600B184D1 /* Extension */,
				761DFBA9288E8806002A4C7C /* Structs */,
				76A169B4288A79A8008CC5C1 /* LaunchScreen.storyboard */,
				76639F95288D55D6007B2E1F /* Main.storyboard */,
			);
			path = "Growing Tamagotchi";
			sourceTree = "<group>";
		};
		76A169C6288A8EED008CC5C1 /* SelectTamagotchi */ = {
			isa = PBXGroup;
			children = (
				76A169C2288A8E64008CC5C1 /* SelectTamagotchi.storyboard */,
				76639F97288D58CB007B2E1F /* growingTamagotchiViewController.swift */,
				76639F99288D5A22007B2E1F /* SettingTableViewController.swift */,
				76639FA7288D83F0007B2E1F /* calculatorLevel.swift */,
				76A169C4288A8E7B008CC5C1 /* SelectTamagotchiCollectionViewController.swift */,
				76A169C7288A8F05008CC5C1 /* SelectTamagotchiCollectionViewCell.swift */,
				76A169CA288AA652008CC5C1 /* AlertViewController.swift */,
				76639FA5288D7E62007B2E1F /* SettingTableViewCell.swift */,
				76639FA9288D8C05007B2E1F /* NameSettingViewController.swift */,
			);
			name = SelectTamagotchi;
			path = before/Extension/SelectTamagotchi;
			sourceTree = "<group>";
		};
/* End PBXGroup section */

/* Begin PBXNativeTarget section */
		76A169A5288A79A7008CC5C1 /* Growing Tamagotchi */ = {
			isa = PBXNativeTarget;
			buildConfigurationList = 76A169BA288A79A8008CC5C1 /* Build configuration list for PBXNativeTarget "Growing Tamagotchi" */;
			buildPhases = (
				76A169A2288A79A7008CC5C1 /* Sources */,
				76A169A3288A79A7008CC5C1 /* Frameworks */,
				76A169A4288A79A7008CC5C1 /* Resources */,
			);
			buildRules = (
			);
			dependencies = (
			);
			name = "Growing Tamagotchi";
			packageProductDependencies = (
				76639FA0288D724F007B2E1F /* IQKeyboardManagerSwift */,
				76639FA3288D72A4007B2E1F /* Toast */,
			);
			productName = "Growing Tamagotchi";
			productReference = 76A169A6288A79A7008CC5C1 /* Growing Tamagotchi.app */;
			productType = "com.apple.product-type.application";
		};
/* End PBXNativeTarget section */

/* Begin PBXProject section */
		76A1699E288A79A7008CC5C1 /* Project object */ = {
			isa = PBXProject;
			attributes = {
				BuildIndependentTargetsInParallel = 1;
				LastSwiftUpdateCheck = 1330;
				LastUpgradeCheck = 1330;
				TargetAttributes = {
					76A169A5288A79A7008CC5C1 = {
						CreatedOnToolsVersion = 13.3.1;
					};
				};
			};
			buildConfigurationList = 76A169A1288A79A7008CC5C1 /* Build configuration list for PBXProject "Growing Tamagotchi" */;
			compatibilityVersion = "Xcode 13.0";
			developmentRegion = en;
			hasScannedForEncodings = 0;
			knownRegions = (
				en,
				Base,
			);
			mainGroup = 76A1699D288A79A7008CC5C1;
			packageReferences = (
				76639F9F288D724F007B2E1F /* XCRemoteSwiftPackageReference "IQKeyboardManager" */,
				76639FA2288D72A4007B2E1F /* XCRemoteSwiftPackageReference "Toast-Swift" */,
			);
			productRefGroup = 76A169A7288A79A7008CC5C1 /* Products */;
			projectDirPath = "";
			projectRoot = "";
			targets = (
				76A169A5288A79A7008CC5C1 /* Growing Tamagotchi */,
			);
		};
/* End PBXProject section */

/* Begin PBXResourcesBuildPhase section */
		76A169A4288A79A7008CC5C1 /* Resources */ = {
			isa = PBXResourcesBuildPhase;
			buildActionMask = 2147483647;
			files = (
				76A169B6288A79A8008CC5C1 /* LaunchScreen.storyboard in Resources */,
				76A169C3288A8E64008CC5C1 /* SelectTamagotchi.storyboard in Resources */,
				76A169B3288A79A8008CC5C1 /* Assets.xcassets in Resources */,
				76639F96288D55D6007B2E1F /* Main.storyboard in Resources */,
			);
			runOnlyForDeploymentPostprocessing = 0;
		};
/* End PBXResourcesBuildPhase section */

/* Begin PBXSourcesBuildPhase section */
		76A169A2288A79A7008CC5C1 /* Sources */ = {
			isa = PBXSourcesBuildPhase;
			buildActionMask = 2147483647;
			files = (
				76639FA6288D7E62007B2E1F /* SettingTableViewCell.swift in Sources */,
				76A169C5288A8E7B008CC5C1 /* SelectTamagotchiCollectionViewController.swift in Sources */,
				76A169CB288AA652008CC5C1 /* AlertViewController.swift in Sources */,
				761103F1288E68D500B184D1 /* UIView+Extension.swift in Sources */,
				76A169BE288A8CBA008CC5C1 /* DefaultDesign.swift in Sources */,
				761103F4288E6BE700B184D1 /* UIButton+Extension.swift in Sources */,
				76A169CD288AB0DD008CC5C1 /* Tamagotchi.swift in Sources */,
				76639F9C288D684C007B2E1F /* Quates.swift in Sources */,
				761103EF288E67F200B184D1 /* UILabel+extension.swift in Sources */,
				76639FA8288D83F0007B2E1F /* calculatorLevel.swift in Sources */,
				76639FAA288D8C05007B2E1F /* NameSettingViewController.swift in Sources */,
				76A169C8288A8F05008CC5C1 /* SelectTamagotchiCollectionViewCell.swift in Sources */,
				76639F98288D58CB007B2E1F /* growingTamagotchiViewController.swift in Sources */,
				76639F9A288D5A22007B2E1F /* SettingTableViewController.swift in Sources */,
				76A169AA288A79A7008CC5C1 /* AppDelegate.swift in Sources */,
				76A169AC288A79A7008CC5C1 /* SceneDelegate.swift in Sources */,
				761103F6288E70B800B184D1 /* UITextField+Extension.swift in Sources */,
			);
			runOnlyForDeploymentPostprocessing = 0;
		};
/* End PBXSourcesBuildPhase section */

/* Begin PBXVariantGroup section */
		76A169B4288A79A8008CC5C1 /* LaunchScreen.storyboard */ = {
			isa = PBXVariantGroup;
			children = (
				76A169B5288A79A8008CC5C1 /* Base */,
			);
			name = LaunchScreen.storyboard;
			sourceTree = "<group>";
		};
/* End PBXVariantGroup section */

/* Begin XCBuildConfiguration section */
		76A169B8288A79A8008CC5C1 /* Debug */ = {
			isa = XCBuildConfiguration;
			buildSettings = {
				ALWAYS_SEARCH_USER_PATHS = NO;
				CLANG_ANALYZER_NONNULL = YES;
				CLANG_ANALYZER_NUMBER_OBJECT_CONVERSION = YES_AGGRESSIVE;
				CLANG_CXX_LANGUAGE_STANDARD = "gnu++17";
				CLANG_ENABLE_MODULES = YES;
				CLANG_ENABLE_OBJC_ARC = YES;
				CLANG_ENABLE_OBJC_WEAK = YES;
				CLANG_WARN_BLOCK_CAPTURE_AUTORELEASING = YES;
				CLANG_WARN_BOOL_CONVERSION = YES;
				CLANG_WARN_COMMA = YES;
				CLANG_WARN_CONSTANT_CONVERSION = YES;
				CLANG_WARN_DEPRECATED_OBJC_IMPLEMENTATIONS = YES;
				CLANG_WARN_DIRECT_OBJC_ISA_USAGE = YES_ERROR;
				CLANG_WARN_DOCUMENTATION_COMMENTS = YES;
				CLANG_WARN_EMPTY_BODY = YES;
				CLANG_WARN_ENUM_CONVERSION = YES;
				CLANG_WARN_INFINITE_RECURSION = YES;
				CLANG_WARN_INT_CONVERSION = YES;
				CLANG_WARN_NON_LITERAL_NULL_CONVERSION = YES;
				CLANG_WARN_OBJC_IMPLICIT_RETAIN_SELF = YES;
				CLANG_WARN_OBJC_LITERAL_CONVERSION = YES;
				CLANG_WARN_OBJC_ROOT_CLASS = YES_ERROR;
				CLANG_WARN_QUOTED_INCLUDE_IN_FRAMEWORK_HEADER = YES;
				CLANG_WARN_RANGE_LOOP_ANALYSIS = YES;
				CLANG_WARN_STRICT_PROTOTYPES = YES;
				CLANG_WARN_SUSPICIOUS_MOVE = YES;
				CLANG_WARN_UNGUARDED_AVAILABILITY = YES_AGGRESSIVE;
				CLANG_WARN_UNREACHABLE_CODE = YES;
				CLANG_WARN__DUPLICATE_METHOD_MATCH = YES;
				COPY_PHASE_STRIP = NO;
				DEBUG_INFORMATION_FORMAT = dwarf;
				ENABLE_STRICT_OBJC_MSGSEND = YES;
				ENABLE_TESTABILITY = YES;
				GCC_C_LANGUAGE_STANDARD = gnu11;
				GCC_DYNAMIC_NO_PIC = NO;
				GCC_NO_COMMON_BLOCKS = YES;
				GCC_OPTIMIZATION_LEVEL = 0;
				GCC_PREPROCESSOR_DEFINITIONS = (
					"DEBUG=1",
					"$(inherited)",
				);
				GCC_WARN_64_TO_32_BIT_CONVERSION = YES;
				GCC_WARN_ABOUT_RETURN_TYPE = YES_ERROR;
				GCC_WARN_UNDECLARED_SELECTOR = YES;
				GCC_WARN_UNINITIALIZED_AUTOS = YES_AGGRESSIVE;
				GCC_WARN_UNUSED_FUNCTION = YES;
				GCC_WARN_UNUSED_VARIABLE = YES;
				IPHONEOS_DEPLOYMENT_TARGET = 15.4;
				MTL_ENABLE_DEBUG_INFO = INCLUDE_SOURCE;
				MTL_FAST_MATH = YES;
				ONLY_ACTIVE_ARCH = YES;
				SDKROOT = iphoneos;
				SWIFT_ACTIVE_COMPILATION_CONDITIONS = DEBUG;
				SWIFT_OPTIMIZATION_LEVEL = "-Onone";
			};
			name = Debug;
		};
		76A169B9288A79A8008CC5C1 /* Release */ = {
			isa = XCBuildConfiguration;
			buildSettings = {
				ALWAYS_SEARCH_USER_PATHS = NO;
				CLANG_ANALYZER_NONNULL = YES;
				CLANG_ANALYZER_NUMBER_OBJECT_CONVERSION = YES_AGGRESSIVE;
				CLANG_CXX_LANGUAGE_STANDARD = "gnu++17";
				CLANG_ENABLE_MODULES = YES;
				CLANG_ENABLE_OBJC_ARC = YES;
				CLANG_ENABLE_OBJC_WEAK = YES;
				CLANG_WARN_BLOCK_CAPTURE_AUTORELEASING = YES;
				CLANG_WARN_BOOL_CONVERSION = YES;
				CLANG_WARN_COMMA = YES;
				CLANG_WARN_CONSTANT_CONVERSION = YES;
				CLANG_WARN_DEPRECATED_OBJC_IMPLEMENTATIONS = YES;
				CLANG_WARN_DIRECT_OBJC_ISA_USAGE = YES_ERROR;
				CLANG_WARN_DOCUMENTATION_COMMENTS = YES;
				CLANG_WARN_EMPTY_BODY = YES;
				CLANG_WARN_ENUM_CONVERSION = YES;
				CLANG_WARN_INFINITE_RECURSION = YES;
				CLANG_WARN_INT_CONVERSION = YES;
				CLANG_WARN_NON_LITERAL_NULL_CONVERSION = YES;
				CLANG_WARN_OBJC_IMPLICIT_RETAIN_SELF = YES;
				CLANG_WARN_OBJC_LITERAL_CONVERSION = YES;
				CLANG_WARN_OBJC_ROOT_CLASS = YES_ERROR;
				CLANG_WARN_QUOTED_INCLUDE_IN_FRAMEWORK_HEADER = YES;
				CLANG_WARN_RANGE_LOOP_ANALYSIS = YES;
				CLANG_WARN_STRICT_PROTOTYPES = YES;
				CLANG_WARN_SUSPICIOUS_MOVE = YES;
				CLANG_WARN_UNGUARDED_AVAILABILITY = YES_AGGRESSIVE;
				CLANG_WARN_UNREACHABLE_CODE = YES;
				CLANG_WARN__DUPLICATE_METHOD_MATCH = YES;
				COPY_PHASE_STRIP = NO;
				DEBUG_INFORMATION_FORMAT = "dwarf-with-dsym";
				ENABLE_NS_ASSERTIONS = NO;
				ENABLE_STRICT_OBJC_MSGSEND = YES;
				GCC_C_LANGUAGE_STANDARD = gnu11;
				GCC_NO_COMMON_BLOCKS = YES;
				GCC_WARN_64_TO_32_BIT_CONVERSION = YES;
				GCC_WARN_ABOUT_RETURN_TYPE = YES_ERROR;
				GCC_WARN_UNDECLARED_SELECTOR = YES;
				GCC_WARN_UNINITIALIZED_AUTOS = YES_AGGRESSIVE;
				GCC_WARN_UNUSED_FUNCTION = YES;
				GCC_WARN_UNUSED_VARIABLE = YES;
				IPHONEOS_DEPLOYMENT_TARGET = 15.4;
				MTL_ENABLE_DEBUG_INFO = NO;
				MTL_FAST_MATH = YES;
				SDKROOT = iphoneos;
				SWIFT_COMPILATION_MODE = wholemodule;
				SWIFT_OPTIMIZATION_LEVEL = "-O";
				VALIDATE_PRODUCT = YES;
			};
			name = Release;
		};
		76A169BB288A79A8008CC5C1 /* Debug */ = {
			isa = XCBuildConfiguration;
			buildSettings = {
				ASSETCATALOG_COMPILER_APPICON_NAME = AppIcon;
				ASSETCATALOG_COMPILER_GLOBAL_ACCENT_COLOR_NAME = AccentColor;
				CODE_SIGN_STYLE = Automatic;
				CURRENT_PROJECT_VERSION = 1;
				DEVELOPMENT_TEAM = RJ93CKCV9A;
				GENERATE_INFOPLIST_FILE = YES;
				INFOPLIST_FILE = "Growing Tamagotchi/Info.plist";
				INFOPLIST_KEY_CFBundleDisplayName = "나지운";
				INFOPLIST_KEY_UIApplicationSupportsIndirectInputEvents = YES;
				INFOPLIST_KEY_UILaunchStoryboardName = LaunchScreen;
				INFOPLIST_KEY_UIMainStoryboardFile = SelectTamagotchi;
				INFOPLIST_KEY_UISupportedInterfaceOrientations = UIInterfaceOrientationPortrait;
				INFOPLIST_KEY_UISupportedInterfaceOrientations_iPad = "UIInterfaceOrientationPortrait UIInterfaceOrientationPortraitUpsideDown UIInterfaceOrientationLandscapeLeft UIInterfaceOrientationLandscapeRight";
				INFOPLIST_KEY_UISupportedInterfaceOrientations_iPhone = UIInterfaceOrientationPortrait;
				IPHONEOS_DEPLOYMENT_TARGET = 13.0;
				LD_RUNPATH_SEARCH_PATHS = (
					"$(inherited)",
					"@executable_path/Frameworks",
				);
				MARKETING_VERSION = 1.0;
				PRODUCT_BUNDLE_IDENTIFIER = "com.vonreal.Growing-Tamagotchi";
				PRODUCT_NAME = "$(TARGET_NAME)";
				SWIFT_EMIT_LOC_STRINGS = YES;
				SWIFT_VERSION = 5.0;
				TARGETED_DEVICE_FAMILY = 1;
			};
			name = Debug;
		};
		76A169BC288A79A8008CC5C1 /* Release */ = {
			isa = XCBuildConfiguration;
			buildSettings = {
				ASSETCATALOG_COMPILER_APPICON_NAME = AppIcon;
				ASSETCATALOG_COMPILER_GLOBAL_ACCENT_COLOR_NAME = AccentColor;
				CODE_SIGN_STYLE = Automatic;
				CURRENT_PROJECT_VERSION = 1;
				DEVELOPMENT_TEAM = RJ93CKCV9A;
				GENERATE_INFOPLIST_FILE = YES;
				INFOPLIST_FILE = "Growing Tamagotchi/Info.plist";
				INFOPLIST_KEY_CFBundleDisplayName = "나지운";
				INFOPLIST_KEY_UIApplicationSupportsIndirectInputEvents = YES;
				INFOPLIST_KEY_UILaunchStoryboardName = LaunchScreen;
				INFOPLIST_KEY_UIMainStoryboardFile = SelectTamagotchi;
				INFOPLIST_KEY_UISupportedInterfaceOrientations = UIInterfaceOrientationPortrait;
				INFOPLIST_KEY_UISupportedInterfaceOrientations_iPad = "UIInterfaceOrientationPortrait UIInterfaceOrientationPortraitUpsideDown UIInterfaceOrientationLandscapeLeft UIInterfaceOrientationLandscapeRight";
				INFOPLIST_KEY_UISupportedInterfaceOrientations_iPhone = UIInterfaceOrientationPortrait;
				IPHONEOS_DEPLOYMENT_TARGET = 13.0;
				LD_RUNPATH_SEARCH_PATHS = (
					"$(inherited)",
					"@executable_path/Frameworks",
				);
				MARKETING_VERSION = 1.0;
				PRODUCT_BUNDLE_IDENTIFIER = "com.vonreal.Growing-Tamagotchi";
				PRODUCT_NAME = "$(TARGET_NAME)";
				SWIFT_EMIT_LOC_STRINGS = YES;
				SWIFT_VERSION = 5.0;
				TARGETED_DEVICE_FAMILY = 1;
			};
			name = Release;
		};
/* End XCBuildConfiguration section */

/* Begin XCConfigurationList section */
		76A169A1288A79A7008CC5C1 /* Build configuration list for PBXProject "Growing Tamagotchi" */ = {
			isa = XCConfigurationList;
			buildConfigurations = (
				76A169B8288A79A8008CC5C1 /* Debug */,
				76A169B9288A79A8008CC5C1 /* Release */,
			);
			defaultConfigurationIsVisible = 0;
			defaultConfigurationName = Release;
		};
		76A169BA288A79A8008CC5C1 /* Build configuration list for PBXNativeTarget "Growing Tamagotchi" */ = {
			isa = XCConfigurationList;
			buildConfigurations = (
				76A169BB288A79A8008CC5C1 /* Debug */,
				76A169BC288A79A8008CC5C1 /* Release */,
			);
			defaultConfigurationIsVisible = 0;
			defaultConfigurationName = Release;
		};
/* End XCConfigurationList section */

/* Begin XCRemoteSwiftPackageReference section */
		76639F9F288D724F007B2E1F /* XCRemoteSwiftPackageReference "IQKeyboardManager" */ = {
			isa = XCRemoteSwiftPackageReference;
			repositoryURL = "https://github.com/hackiftekhar/IQKeyboardManager.git";
			requirement = {
				kind = exactVersion;
				version = 6.5.0;
			};
		};
		76639FA2288D72A4007B2E1F /* XCRemoteSwiftPackageReference "Toast-Swift" */ = {
			isa = XCRemoteSwiftPackageReference;
			repositoryURL = "https://github.com/scalessec/Toast-Swift.git";
			requirement = {
				kind = upToNextMajorVersion;
				minimumVersion = 5.0.0;
			};
		};
/* End XCRemoteSwiftPackageReference section */

/* Begin XCSwiftPackageProductDependency section */
		76639FA0288D724F007B2E1F /* IQKeyboardManagerSwift */ = {
			isa = XCSwiftPackageProductDependency;
			package = 76639F9F288D724F007B2E1F /* XCRemoteSwiftPackageReference "IQKeyboardManager" */;
			productName = IQKeyboardManagerSwift;
		};
		76639FA3288D72A4007B2E1F /* Toast */ = {
			isa = XCSwiftPackageProductDependency;
			package = 76639FA2288D72A4007B2E1F /* XCRemoteSwiftPackageReference "Toast-Swift" */;
			productName = Toast;
		};
/* End XCSwiftPackageProductDependency section */
	};
	rootObject = 76A1699E288A79A7008CC5C1 /* Project object */;
}
